
Microsoft Visual Studio Solution File, Format Version 12.00
# Visual Studio Version 16
VisualStudioVersion = 16.0.30621.155
MinimumVisualStudioVersion = 10.0.40219.1
Project("{FAE04EC0-301F-11D3-BF4B-00C04F79EFBC}") = "LinqSamples.Resources", "LinqSamples.Resources\LinqSamples.Resources.csproj", "{FB0E5583-BCA0-44EF-BD16-3441C076122E}"
EndProject
Project("{FAE04EC0-301F-11D3-BF4B-00C04F79EFBC}") = "LinqSamples.Queries", "LinqSamples.Queries\LinqSamples.Queries.csproj", "{26EBB344-1301-4808-91D1-FABF8064E0F2}"
EndProject
Project("{FAE04EC0-301F-11D3-BF4B-00C04F79EFBC}") = "LinqSamples.Features", "LinqSamples.Features\LinqSamples.Features.csproj", "{19DB79C7-9EAE-4064-A096-02A9D2B15902}"
EndProject
Project("{FAE04EC0-301F-11D3-BF4B-00C04F79EFBC}") = "LinqSamples.Introduction", "LinqSamples.Introduction\LinqSamples.Introduction.csproj", "{C6B717DD-A87E-4B5F-BF3B-8F9DA0851C88}"
EndProject
Project("{FAE04EC0-301F-11D3-BF4B-00C04F79EFBC}") = "LinqSamples.Cars", "LinqSamples.Cars\LinqSamples.Cars.csproj", "{03856841-453B-46A9-9482-205D98C00149}"
EndProject
Global
	GlobalSection(SolutionConfigurationPlatforms) = preSolution
		Debug|Any CPU = Debug|Any CPU
		Release|Any CPU = Release|Any CPU
	EndGlobalSection
	GlobalSection(ProjectConfigurationPlatforms) = postSolution
		{FB0E5583-BCA0-44EF-BD16-3441C076122E}.Debug|Any CPU.ActiveCfg = Debug|Any CPU
		{FB0E5583-BCA0-44EF-BD16-3441C076122E}.Debug|Any CPU.Build.0 = Debug|Any CPU
		{FB0E5583-BCA0-44EF-BD16-3441C076122E}.Release|Any CPU.ActiveCfg = Release|Any CPU
		{FB0E5583-BCA0-44EF-BD16-3441C076122E}.Release|Any CPU.Build.0 = Release|Any CPU
		{26EBB344-1301-4808-91D1-FABF8064E0F2}.Debug|Any CPU.ActiveCfg = Debug|Any CPU
		{26EBB344-1301-4808-91D1-FABF8064E0F2}.Debug|Any CPU.Build.0 = Debug|Any CPU
		{26EBB344-1301-4808-91D1-FABF8064E0F2}.Release|Any CPU.ActiveCfg = Release|Any CPU
		{26EBB344-1301-4808-91D1-FABF8064E0F2}.Release|Any CPU.Build.0 = Release|Any CPU
		{19DB79C7-9EAE-4064-A096-02A9D2B15902}.Debug|Any CPU.ActiveCfg = Debug|Any CPU
		{19DB79C7-9EAE-4064-A096-02A9D2B15902}.Debug|Any CPU.Build.0 = Debug|Any CPU
		{19DB79C7-9EAE-4064-A096-02A9D2B15902}.Release|Any CPU.ActiveCfg = Release|Any CPU
		{19DB79C7-9EAE-4064-A096-02A9D2B15902}.Release|Any CPU.Build.0 = Release|Any CPU
		{C6B717DD-A87E-4B5F-BF3B-8F9DA0851C88}.Debug|Any CPU.ActiveCfg = Debug|Any CPU
		{C6B717DD-A87E-4B5F-BF3B-8F9DA0851C88}.Debug|Any CPU.Build.0 = Debug|Any CPU
		{C6B717DD-A87E-4B5F-BF3B-8F9DA0851C88}.Release|Any CPU.ActiveCfg = Release|Any CPU
		{C6B717DD-A87E-4B5F-BF3B-8F9DA0851C88}.Release|Any CPU.Build.0 = Release|Any CPU
		{03856841-453B-46A9-9482-205D98C00149}.Debug|Any CPU.ActiveCfg = Debug|Any CPU
		{03856841-453B-46A9-9482-205D98C00149}.Debug|Any CPU.Build.0 = Debug|Any CPU
		{03856841-453B-46A9-9482-205D98C00149}.Release|Any CPU.ActiveCfg = Release|Any CPU
		{03856841-453B-46A9-9482-205D98C00149}.Release|Any CPU.Build.0 = Release|Any CPU
	EndGlobalSection
	GlobalSection(SolutionProperties) = preSolution
		HideSolutionNode = FALSE
	EndGlobalSection
	GlobalSection(ExtensibilityGlobals) = postSolution
		SolutionGuid = {866CC699-898E-42B7-9435-58E83B13DE5E}
	EndGlobalSection
EndGlobal
